// !$*UTF8*$!
{
	archiveVersion = 1;
	classes = {
	};
	objectVersion = 46;
	objects = {

/* Begin PBXBuildFile section */
		D82F3285197179110053F0C2 /* XCTest.framework in Frameworks */ = {isa = PBXBuildFile; fileRef = D82F3284197179110053F0C2 /* XCTest.framework */; };
		D82F3287197179110053F0C2 /* Foundation.framework in Frameworks */ = {isa = PBXBuildFile; fileRef = D82F3286197179110053F0C2 /* Foundation.framework */; };
		D82F3289197179110053F0C2 /* UIKit.framework in Frameworks */ = {isa = PBXBuildFile; fileRef = D82F3288197179110053F0C2 /* UIKit.framework */; };
		D82F328F197179110053F0C2 /* InfoPlist.strings in Resources */ = {isa = PBXBuildFile; fileRef = D82F328D197179110053F0C2 /* InfoPlist.strings */; };
		D82F3291197179110053F0C2 /* ISUtilitiesTests.m in Sources */ = {isa = PBXBuildFile; fileRef = D82F3290197179110053F0C2 /* ISUtilitiesTests.m */; };
/* End PBXBuildFile section */

/* Begin PBXFileReference section */
		D82F3281197179110053F0C2 /* ISUtilitiesTests.xctest */ = {isa = PBXFileReference; explicitFileType = wrapper.cfbundle; includeInIndex = 0; path = ISUtilitiesTests.xctest; sourceTree = BUILT_PRODUCTS_DIR; };
		D82F3284197179110053F0C2 /* XCTest.framework */ = {isa = PBXFileReference; lastKnownFileType = wrapper.framework; name = XCTest.framework; path = Library/Frameworks/XCTest.framework; sourceTree = DEVELOPER_DIR; };
		D82F3286197179110053F0C2 /* Foundation.framework */ = {isa = PBXFileReference; lastKnownFileType = wrapper.framework; name = Foundation.framework; path = Library/Frameworks/Foundation.framework; sourceTree = DEVELOPER_DIR; };
		D82F3288197179110053F0C2 /* UIKit.framework */ = {isa = PBXFileReference; lastKnownFileType = wrapper.framework; name = UIKit.framework; path = Library/Frameworks/UIKit.framework; sourceTree = DEVELOPER_DIR; };
		D82F328C197179110053F0C2 /* ISUtilitiesTests-Info.plist */ = {isa = PBXFileReference; lastKnownFileType = text.plist.xml; path = "ISUtilitiesTests-Info.plist"; sourceTree = "<group>"; };
		D82F328E197179110053F0C2 /* en */ = {isa = PBXFileReference; lastKnownFileType = text.plist.strings; name = en; path = en.lproj/InfoPlist.strings; sourceTree = "<group>"; };
		D82F3290197179110053F0C2 /* ISUtilitiesTests.m */ = {isa = PBXFileReference; lastKnownFileType = sourcecode.c.objc; path = ISUtilitiesTests.m; sourceTree = "<group>"; };
		D82F3292197179110053F0C2 /* ISUtilitiesTests-Prefix.pch */ = {isa = PBXFileReference; lastKnownFileType = sourcecode.c.h; path = "ISUtilitiesTests-Prefix.pch"; sourceTree = "<group>"; };
/* End PBXFileReference section */

/* Begin PBXFrameworksBuildPhase section */
		D82F327E197179110053F0C2 /* Frameworks */ = {
			isa = PBXFrameworksBuildPhase;
			buildActionMask = 2147483647;
			files = (
				D82F3285197179110053F0C2 /* XCTest.framework in Frameworks */,
				D82F3289197179110053F0C2 /* UIKit.framework in Frameworks */,
				D82F3287197179110053F0C2 /* Foundation.framework in Frameworks */,
			);
			runOnlyForDeploymentPostprocessing = 0;
		};
/* End PBXFrameworksBuildPhase section */

/* Begin PBXGroup section */
		D82F3282197179110053F0C2 /* Products */ = {
			isa = PBXGroup;
			children = (
				D82F3281197179110053F0C2 /* ISUtilitiesTests.xctest */,
			);
			name = Products;
			sourceTree = "<group>";
		};
		D82F3283197179110053F0C2 /* Frameworks */ = {
			isa = PBXGroup;
			children = (
				D82F3284197179110053F0C2 /* XCTest.framework */,
				D82F3286197179110053F0C2 /* Foundation.framework */,
				D82F3288197179110053F0C2 /* UIKit.framework */,
			);
			name = Frameworks;
			sourceTree = "<group>";
		};
		D82F328A197179110053F0C2 /* ISUtilitiesTests */ = {
			isa = PBXGroup;
			children = (
				D82F3290197179110053F0C2 /* ISUtilitiesTests.m */,
				D82F328B197179110053F0C2 /* Supporting Files */,
			);
			path = ISUtilitiesTests;
			sourceTree = "<group>";
		};
		D82F328B197179110053F0C2 /* Supporting Files */ = {
			isa = PBXGroup;
			children = (
				D82F328C197179110053F0C2 /* ISUtilitiesTests-Info.plist */,
				D82F328D197179110053F0C2 /* InfoPlist.strings */,
				D82F3292197179110053F0C2 /* ISUtilitiesTests-Prefix.pch */,
			);
			name = "Supporting Files";
			sourceTree = "<group>";
		};
		D8F2407B1971787D00C16E6C = {
			isa = PBXGroup;
			children = (
				D82F328A197179110053F0C2 /* ISUtilitiesTests */,
				D82F3283197179110053F0C2 /* Frameworks */,
				D82F3282197179110053F0C2 /* Products */,
			);
			sourceTree = "<group>";
		};
/* End PBXGroup section */

/* Begin PBXNativeTarget section */
		D82F3280197179110053F0C2 /* ISUtilitiesTests */ = {
			isa = PBXNativeTarget;
			buildConfigurationList = D82F3295197179110053F0C2 /* Build configuration list for PBXNativeTarget "ISUtilitiesTests" */;
			buildPhases = (
				D82F327D197179110053F0C2 /* Sources */,
				D82F327E197179110053F0C2 /* Frameworks */,
				D82F327F197179110053F0C2 /* Resources */,
			);
			buildRules = (
			);
			dependencies = (
			);
			name = ISUtilitiesTests;
			productName = ISUtilitiesTests;
			productReference = D82F3281197179110053F0C2 /* ISUtilitiesTests.xctest */;
			productType = "com.apple.product-type.bundle.unit-test";
		};
/* End PBXNativeTarget section */

/* Begin PBXProject section */
		D8F2407C1971787D00C16E6C /* Project object */ = {
			isa = PBXProject;
			attributes = {
				LastUpgradeCheck = 0510;
			};
			buildConfigurationList = D8F2407F1971787D00C16E6C /* Build configuration list for PBXProject "ISUtilitiesTests" */;
			compatibilityVersion = "Xcode 3.2";
			developmentRegion = English;
			hasScannedForEncodings = 0;
			knownRegions = (
				en,
			);
			mainGroup = D8F2407B1971787D00C16E6C;
			productRefGroup = D82F3282197179110053F0C2 /* Products */;
			projectDirPath = "";
			projectRoot = "";
			targets = (
				D82F3280197179110053F0C2 /* ISUtilitiesTests */,
			);
		};
/* End PBXProject section */

/* Begin PBXResourcesBuildPhase section */
		D82F327F197179110053F0C2 /* Resources */ = {
			isa = PBXResourcesBuildPhase;
			buildActionMask = 2147483647;
			files = (
				D82F328F197179110053F0C2 /* InfoPlist.strings in Resources */,
			);
			runOnlyForDeploymentPostprocessing = 0;
		};
/* End PBXResourcesBuildPhase section */

/* Begin PBXSourcesBuildPhase section */
		D82F327D197179110053F0C2 /* Sources */ = {
			isa = PBXSourcesBuildPhase;
			buildActionMask = 2147483647;
			files = (
				D82F3291197179110053F0C2 /* ISUtilitiesTests.m in Sources */,
			);
			runOnlyForDeploymentPostprocessing = 0;
		};
/* End PBXSourcesBuildPhase section */

/* Begin PBXVariantGroup section */
		D82F328D197179110053F0C2 /* InfoPlist.strings */ = {
			isa = PBXVariantGroup;
			children = (
				D82F328E197179110053F0C2 /* en */,
			);
			name = InfoPlist.strings;
			sourceTree = "<group>";
		};
/* End PBXVariantGroup section */

/* Begin XCBuildConfiguration section */
		D82F3293197179110053F0C2 /* Debug */ = {
			isa = XCBuildConfiguration;
			buildSettings = {
				ALWAYS_SEARCH_USER_PATHS = NO;
				CLANG_CXX_LANGUAGE_STANDARD = "gnu++0x";
				CLANG_CXX_LIBRARY = "libc++";
				CLANG_ENABLE_MODULES = YES;
				CLANG_ENABLE_OBJC_ARC = YES;
				CLANG_WARN_BOOL_CONVERSION = YES;
				CLANG_WARN_CONSTANT_CONVERSION = YES;
				CLANG_WARN_DIRECT_OBJC_ISA_USAGE = YES_ERROR;
				CLANG_WARN_EMPTY_BODY = YES;
				CLANG_WARN_ENUM_CONVERSION = YES;
				CLANG_WARN_INT_CONVERSION = YES;
				CLANG_WARN_OBJC_ROOT_CLASS = YES_ERROR;
				CLANG_WARN__DUPLICATE_METHOD_MATCH = YES;
				COPY_PHASE_STRIP = NO;
				FRAMEWORK_SEARCH_PATHS = (
					"$(SDKROOT)/Developer/Library/Frameworks",
					"$(inherited)",
					"$(DEVELOPER_FRAMEWORKS_DIR)",
				);
				GCC_C_LANGUAGE_STANDARD = gnu99;
				GCC_DYNAMIC_NO_PIC = NO;
				GCC_OPTIMIZATION_LEVEL = 0;
				GCC_PRECOMPILE_PREFIX_HEADER = YES;
				GCC_PREFIX_HEADER = "ISUtilitiesTests/ISUtilitiesTests-Prefix.pch";
				GCC_PREPROCESSOR_DEFINITIONS = (
					"DEBUG=1",
					"$(inherited)",
				);
				GCC_SYMBOLS_PRIVATE_EXTERN = NO;
				GCC_WARN_64_TO_32_BIT_CONVERSION = YES;
				GCC_WARN_ABOUT_RETURN_TYPE = YES_ERROR;
				GCC_WARN_UNDECLARED_SELECTOR = YES;
				GCC_WARN_UNINITIALIZED_AUTOS = YES_AGGRESSIVE;
				GCC_WARN_UNUSED_FUNCTION = YES;
				GCC_WARN_UNUSED_VARIABLE = YES;
				INFOPLIST_FILE = "ISUtilitiesTests/ISUtilitiesTests-Info.plist";
				IPHONEOS_DEPLOYMENT_TARGET = 7.1;
				ONLY_ACTIVE_ARCH = YES;
				PRODUCT_NAME = "$(TARGET_NAME)";
				SDKROOT = iphoneos;
				WRAPPER_EXTENSION = xctest;
			};
			name = Debug;
		};
		D82F3294197179110053F0C2 /* Release */ = {
			isa = XCBuildConfiguration;
			buildSettings = {
				ALWAYS_SEARCH_USER_PATHS = NO;
				CLANG_CXX_LANGUAGE_STANDARD = "gnu++0x";
				CLANG_CXX_LIBRARY = "libc++";
				CLANG_ENABLE_MODULES = YES;
				CLANG_ENABLE_OBJC_ARC = YES;
				CLANG_WARN_BOOL_CONVERSION = YES;
				CLANG_WARN_CONSTANT_CONVERSION = YES;
				CLANG_WARN_DIRECT_OBJC_ISA_USAGE = YES_ERROR;
				CLANG_WARN_EMPTY_BODY = YES;
				CLANG_WARN_ENUM_CONVERSION = YES;
				CLANG_WARN_INT_CONVERSION = YES;
				CLANG_WARN_OBJC_ROOT_CLASS = YES_ERROR;
				CLANG_WARN__DUPLICATE_METHOD_MATCH = YES;
				COPY_PHASE_STRIP = YES;
				ENABLE_NS_ASSERTIONS = NO;
				FRAMEWORK_SEARCH_PATHS = (
					"$(SDKROOT)/Developer/Library/Frameworks",
					"$(inherited)",
					"$(DEVELOPER_FRAMEWORKS_DIR)",
				);
				GCC_C_LANGUAGE_STANDARD = gnu99;
				GCC_PRECOMPILE_PREFIX_HEADER = YES;
				GCC_PREFIX_HEADER = "ISUtilitiesTests/ISUtilitiesTests-Prefix.pch";
				GCC_WARN_64_TO_32_BIT_CONVERSION = YES;
				GCC_WARN_ABOUT_RETURN_TYPE = YES_ERROR;
				GCC_WARN_UNDECLARED_SELECTOR = YES;
				GCC_WARN_UNINITIALIZED_AUTOS = YES_AGGRESSIVE;
				GCC_WARN_UNUSED_FUNCTION = YES;
				GCC_WARN_UNUSED_VARIABLE = YES;
				INFOPLIST_FILE = "ISUtilitiesTests/ISUtilitiesTests-Info.plist";
				IPHONEOS_DEPLOYMENT_TARGET = 7.1;
				PRODUCT_NAME = "$(TARGET_NAME)";
				SDKROOT = iphoneos;
				VALIDATE_PRODUCT = YES;
				WRAPPER_EXTENSION = xctest;
			};
			name = Release;
		};
		D8F240801971787D00C16E6C /* Debug */ = {
			isa = XCBuildConfiguration;
			buildSettings = {
			};
			name = Debug;
		};
		D8F240811971787D00C16E6C /* Release */ = {
			isa = XCBuildConfiguration;
			buildSettings = {
			};
			name = Release;
		};
/* End XCBuildConfiguration section */

/* Begin XCConfigurationList section */
		D82F3295197179110053F0C2 /* Build configuration list for PBXNativeTarget "ISUtilitiesTests" */ = {
			isa = XCConfigurationList;
			buildConfigurations = (
				D82F3293197179110053F0C2 /* Debug */,
				D82F3294197179110053F0C2 /* Release */,
			);
			defaultConfigurationIsVisible = 0;
			defaultConfigurationName = Release;
		};
		D8F2407F1971787D00C16E6C /* Build configuration list for PBXProject "ISUtilitiesTests" */ = {
			isa = XCConfigurationList;
			buildConfigurations = (
				D8F240801971787D00C16E6C /* Debug */,
				D8F240811971787D00C16E6C /* Release */,
			);
			defaultConfigurationIsVisible = 0;
			defaultConfigurationName = Release;
		};
/* End XCConfigurationList section */
	};
	rootObject = D8F2407C1971787D00C16E6C /* Project object */;
}
